
Microsoft Visual Studio Solution File, Format Version 12.00
# Visual Studio Version 17
VisualStudioVersion = 17.5.002.0
MinimumVisualStudioVersion = 10.0.40219.1
Project("{9A19103F-16F7-4668-BE54-9A1E7A4F7556}") = "Sist_Contr_Cli_Senai", "Sist_Contr_Cli_Senai\Sist_Contr_Cli_Senai.csproj", "{3C4381A8-323B-41DD-B13C-7F60A1DA9356}"
EndProject
Global
	GlobalSection(SolutionConfigurationPlatforms) = preSolution
		Debug|Any CPU = Debug|Any CPU
		Release|Any CPU = Release|Any CPU
	EndGlobalSection
	GlobalSection(ProjectConfigurationPlatforms) = postSolution
		{3C4381A8-323B-41DD-B13C-7F60A1DA9356}.Debug|Any CPU.ActiveCfg = Debug|Any CPU
		{3C4381A8-323B-41DD-B13C-7F60A1DA9356}.Debug|Any CPU.Build.0 = Debug|Any CPU
		{3C4381A8-323B-41DD-B13C-7F60A1DA9356}.Release|Any CPU.ActiveCfg = Release|Any CPU
		{3C4381A8-323B-41DD-B13C-7F60A1DA9356}.Release|Any CPU.Build.0 = Release|Any CPU
	EndGlobalSection
	GlobalSection(SolutionProperties) = preSolution
		HideSolutionNode = FALSE
	EndGlobalSection
	GlobalSection(ExtensibilityGlobals) = postSolution
		SolutionGuid = {7E4F596D-B8CF-4618-BF23-7D1BD0341884}
	EndGlobalSection
EndGlobal
